
Microsoft Visual Studio Solution File, Format Version 12.00
# Visual Studio Version 17
VisualStudioVersion = 17.1.32414.318
MinimumVisualStudioVersion = 10.0.40219.1
Project("{FAE04EC0-301F-11D3-BF4B-00C04F79EFBC}") = "YouthVolleyballHub", "YouthVolleyballHub.csproj", "{FC618F8A-3EDF-4AC2-8230-02AE8AF0B40E}"
EndProject
Global
	GlobalSection(SolutionConfigurationPlatforms) = preSolution
		Debug|Any CPU = Debug|Any CPU
		Release|Any CPU = Release|Any CPU
	EndGlobalSection
	GlobalSection(ProjectConfigurationPlatforms) = postSolution
		{FC618F8A-3EDF-4AC2-8230-02AE8AF0B40E}.Debug|Any CPU.ActiveCfg = Debug|Any CPU
		{FC618F8A-3EDF-4AC2-8230-02AE8AF0B40E}.Debug|Any CPU.Build.0 = Debug|Any CPU
		{FC618F8A-3EDF-4AC2-8230-02AE8AF0B40E}.Release|Any CPU.ActiveCfg = Release|Any CPU
		{FC618F8A-3EDF-4AC2-8230-02AE8AF0B40E}.Release|Any CPU.Build.0 = Release|Any CPU
	EndGlobalSection
	GlobalSection(SolutionProperties) = preSolution
		HideSolutionNode = FALSE
	EndGlobalSection
	GlobalSection(ExtensibilityGlobals) = postSolution
		SolutionGuid = {0813267E-887A-4F1A-8945-5B55425D91B5}
	EndGlobalSection
EndGlobal
